// !$*UTF8*$!
{
	archiveVersion = 1;
	classes = {
	};
	objectVersion = 51;
	objects = {

/* Begin PBXBuildFile section */
		6CA943D20D1254489173D6EC /* Pods_Parstagram.framework in Frameworks */ = {isa = PBXBuildFile; fileRef = C6C0A4D3B2BFB4FA1291703A /* Pods_Parstagram.framework */; };
		BFE81F7A26049E5C00C5D3AC /* AppDelegate.swift in Sources */ = {isa = PBXBuildFile; fileRef = BFE81F7926049E5C00C5D3AC /* AppDelegate.swift */; };
		BFE81F7C26049E5C00C5D3AC /* SceneDelegate.swift in Sources */ = {isa = PBXBuildFile; fileRef = BFE81F7B26049E5C00C5D3AC /* SceneDelegate.swift */; };
		BFE81F8126049E5C00C5D3AC /* Main.storyboard in Resources */ = {isa = PBXBuildFile; fileRef = BFE81F7F26049E5C00C5D3AC /* Main.storyboard */; };
		BFE81F8326049E5D00C5D3AC /* Assets.xcassets in Resources */ = {isa = PBXBuildFile; fileRef = BFE81F8226049E5D00C5D3AC /* Assets.xcassets */; };
		BFE81F8626049E5D00C5D3AC /* LaunchScreen.storyboard in Resources */ = {isa = PBXBuildFile; fileRef = BFE81F8426049E5D00C5D3AC /* LaunchScreen.storyboard */; };
		BFE81F952604A48A00C5D3AC /* LoginViewController.swift in Sources */ = {isa = PBXBuildFile; fileRef = BFE81F942604A48A00C5D3AC /* LoginViewController.swift */; };
		BFE81F982604A49400C5D3AC /* FeedViewController.swift in Sources */ = {isa = PBXBuildFile; fileRef = BFE81F972604A49400C5D3AC /* FeedViewController.swift */; };
		BFE81F9B2604ACF900C5D3AC /* CameraViewController.swift in Sources */ = {isa = PBXBuildFile; fileRef = BFE81F9A2604ACF800C5D3AC /* CameraViewController.swift */; };
		BFE81FA52604B63F00C5D3AC /* PostCell.swift in Sources */ = {isa = PBXBuildFile; fileRef = BFE81FA42604B63F00C5D3AC /* PostCell.swift */; };
/* End PBXBuildFile section */

/* Begin PBXFileReference section */
		80D1BA23FDC0A7CE11B875A6 /* Pods-Parstagram.debug.xcconfig */ = {isa = PBXFileReference; includeInIndex = 1; lastKnownFileType = text.xcconfig; name = "Pods-Parstagram.debug.xcconfig"; path = "Target Support Files/Pods-Parstagram/Pods-Parstagram.debug.xcconfig"; sourceTree = "<group>"; };
		BFE81F7626049E5C00C5D3AC /* Parstagram.app */ = {isa = PBXFileReference; explicitFileType = wrapper.application; includeInIndex = 0; path = Parstagram.app; sourceTree = BUILT_PRODUCTS_DIR; };
		BFE81F7926049E5C00C5D3AC /* AppDelegate.swift */ = {isa = PBXFileReference; lastKnownFileType = sourcecode.swift; path = AppDelegate.swift; sourceTree = "<group>"; };
		BFE81F7B26049E5C00C5D3AC /* SceneDelegate.swift */ = {isa = PBXFileReference; lastKnownFileType = sourcecode.swift; path = SceneDelegate.swift; sourceTree = "<group>"; };
		BFE81F8026049E5C00C5D3AC /* Base */ = {isa = PBXFileReference; lastKnownFileType = file.storyboard; name = Base; path = Base.lproj/Main.storyboard; sourceTree = "<group>"; };
		BFE81F8226049E5D00C5D3AC /* Assets.xcassets */ = {isa = PBXFileReference; lastKnownFileType = folder.assetcatalog; path = Assets.xcassets; sourceTree = "<group>"; };
		BFE81F8526049E5D00C5D3AC /* Base */ = {isa = PBXFileReference; lastKnownFileType = file.storyboard; name = Base; path = Base.lproj/LaunchScreen.storyboard; sourceTree = "<group>"; };
		BFE81F8726049E5D00C5D3AC /* Info.plist */ = {isa = PBXFileReference; lastKnownFileType = text.plist.xml; path = Info.plist; sourceTree = "<group>"; };
		BFE81F942604A48A00C5D3AC /* LoginViewController.swift */ = {isa = PBXFileReference; lastKnownFileType = sourcecode.swift; path = LoginViewController.swift; sourceTree = "<group>"; };
		BFE81F972604A49400C5D3AC /* FeedViewController.swift */ = {isa = PBXFileReference; lastKnownFileType = sourcecode.swift; path = FeedViewController.swift; sourceTree = "<group>"; };
		BFE81F9A2604ACF800C5D3AC /* CameraViewController.swift */ = {isa = PBXFileReference; lastKnownFileType = sourcecode.swift; path = CameraViewController.swift; sourceTree = "<group>"; };
		BFE81FA42604B63F00C5D3AC /* PostCell.swift */ = {isa = PBXFileReference; lastKnownFileType = sourcecode.swift; path = PostCell.swift; sourceTree = "<group>"; };
		C6C0A4D3B2BFB4FA1291703A /* Pods_Parstagram.framework */ = {isa = PBXFileReference; explicitFileType = wrapper.framework; includeInIndex = 0; path = Pods_Parstagram.framework; sourceTree = BUILT_PRODUCTS_DIR; };
		E9A996247A0A185525B20139 /* Pods-Parstagram.release.xcconfig */ = {isa = PBXFileReference; includeInIndex = 1; lastKnownFileType = text.xcconfig; name = "Pods-Parstagram.release.xcconfig"; path = "Target Support Files/Pods-Parstagram/Pods-Parstagram.release.xcconfig"; sourceTree = "<group>"; };
/* End PBXFileReference section */

/* Begin PBXFrameworksBuildPhase section */
		BFE81F7326049E5C00C5D3AC /* Frameworks */ = {
			isa = PBXFrameworksBuildPhase;
			buildActionMask = 2147483647;
			files = (
				6CA943D20D1254489173D6EC /* Pods_Parstagram.framework in Frameworks */,
			);
			runOnlyForDeploymentPostprocessing = 0;
		};
/* End PBXFrameworksBuildPhase section */

/* Begin PBXGroup section */
		48462EA9CE09CD45B0B3783C /* Frameworks */ = {
			isa = PBXGroup;
			children = (
				C6C0A4D3B2BFB4FA1291703A /* Pods_Parstagram.framework */,
			);
			name = Frameworks;
			sourceTree = "<group>";
		};
		BFE81F6D26049E5C00C5D3AC = {
			isa = PBXGroup;
			children = (
				BFE81F7826049E5C00C5D3AC /* Parstagram */,
				BFE81FA92604C69E00C5D3AC /* Storyboards */,
				BFE81FA72604C67D00C5D3AC /* View Controllers */,
				BFE81FA82604C69500C5D3AC /* Cells */,
				BFE81F7726049E5C00C5D3AC /* Products */,
				E5AC1BD82E6E0EFE5B9C95FF /* Pods */,
				48462EA9CE09CD45B0B3783C /* Frameworks */,
			);
			sourceTree = "<group>";
		};
		BFE81F7726049E5C00C5D3AC /* Products */ = {
			isa = PBXGroup;
			children = (
				BFE81F7626049E5C00C5D3AC /* Parstagram.app */,
			);
			name = Products;
			sourceTree = "<group>";
		};
		BFE81F7826049E5C00C5D3AC /* Parstagram */ = {
			isa = PBXGroup;
			children = (
				BFE81F7926049E5C00C5D3AC /* AppDelegate.swift */,
				BFE81F7B26049E5C00C5D3AC /* SceneDelegate.swift */,
				BFE81F8226049E5D00C5D3AC /* Assets.xcassets */,
				BFE81F8726049E5D00C5D3AC /* Info.plist */,
			);
			path = Parstagram;
			sourceTree = "<group>";
		};
		BFE81FA72604C67D00C5D3AC /* View Controllers */ = {
			isa = PBXGroup;
			children = (
				BFE81F942604A48A00C5D3AC /* LoginViewController.swift */,
				BFE81F972604A49400C5D3AC /* FeedViewController.swift */,
				BFE81F9A2604ACF800C5D3AC /* CameraViewController.swift */,
			);
			path = "View Controllers";
			sourceTree = "<group>";
		};
		BFE81FA82604C69500C5D3AC /* Cells */ = {
			isa = PBXGroup;
			children = (
				BFE81FA42604B63F00C5D3AC /* PostCell.swift */,
			);
			path = Cells;
			sourceTree = "<group>";
		};
		BFE81FA92604C69E00C5D3AC /* Storyboards */ = {
			isa = PBXGroup;
			children = (
				BFE81F7F26049E5C00C5D3AC /* Main.storyboard */,
				BFE81F8426049E5D00C5D3AC /* LaunchScreen.storyboard */,
			);
			path = Storyboards;
			sourceTree = "<group>";
		};
		E5AC1BD82E6E0EFE5B9C95FF /* Pods */ = {
			isa = PBXGroup;
			children = (
				80D1BA23FDC0A7CE11B875A6 /* Pods-Parstagram.debug.xcconfig */,
				E9A996247A0A185525B20139 /* Pods-Parstagram.release.xcconfig */,
			);
			path = Pods;
			sourceTree = "<group>";
		};
/* End PBXGroup section */

/* Begin PBXNativeTarget section */
		BFE81F7526049E5C00C5D3AC /* Parstagram */ = {
			isa = PBXNativeTarget;
			buildConfigurationList = BFE81F8A26049E5D00C5D3AC /* Build configuration list for PBXNativeTarget "Parstagram" */;
			buildPhases = (
				B5A27C9F7A9FF0562EAFD62A /* [CP] Check Pods Manifest.lock */,
				BFE81F7226049E5C00C5D3AC /* Sources */,
				BFE81F7326049E5C00C5D3AC /* Frameworks */,
				BFE81F7426049E5C00C5D3AC /* Resources */,
				A0B8FDA4971C91438210F9C0 /* [CP] Embed Pods Frameworks */,
			);
			buildRules = (
			);
			dependencies = (
			);
			name = Parstagram;
			productName = Parstagram;
			productReference = BFE81F7626049E5C00C5D3AC /* Parstagram.app */;
			productType = "com.apple.product-type.application";
		};
/* End PBXNativeTarget section */

/* Begin PBXProject section */
		BFE81F6E26049E5C00C5D3AC /* Project object */ = {
			isa = PBXProject;
			attributes = {
				LastSwiftUpdateCheck = 1220;
				LastUpgradeCheck = 1220;
				TargetAttributes = {
					BFE81F7526049E5C00C5D3AC = {
						CreatedOnToolsVersion = 12.2;
					};
				};
			};
			buildConfigurationList = BFE81F7126049E5C00C5D3AC /* Build configuration list for PBXProject "Parstagram" */;
			compatibilityVersion = "Xcode 9.3";
			developmentRegion = en;
			hasScannedForEncodings = 0;
			knownRegions = (
				en,
				Base,
			);
			mainGroup = BFE81F6D26049E5C00C5D3AC;
			productRefGroup = BFE81F7726049E5C00C5D3AC /* Products */;
			projectDirPath = "";
			projectRoot = "";
			targets = (
				BFE81F7526049E5C00C5D3AC /* Parstagram */,
			);
		};
/* End PBXProject section */

/* Begin PBXResourcesBuildPhase section */
		BFE81F7426049E5C00C5D3AC /* Resources */ = {
			isa = PBXResourcesBuildPhase;
			buildActionMask = 2147483647;
			files = (
				BFE81F8626049E5D00C5D3AC /* LaunchScreen.storyboard in Resources */,
				BFE81F8326049E5D00C5D3AC /* Assets.xcassets in Resources */,
				BFE81F8126049E5C00C5D3AC /* Main.storyboard in Resources */,
			);
			runOnlyForDeploymentPostprocessing = 0;
		};
/* End PBXResourcesBuildPhase section */

/* Begin PBXShellScriptBuildPhase section */
		A0B8FDA4971C91438210F9C0 /* [CP] Embed Pods Frameworks */ = {
			isa = PBXShellScriptBuildPhase;
			buildActionMask = 2147483647;
			files = (
			);
			inputFileListPaths = (
				"${PODS_ROOT}/Target Support Files/Pods-Parstagram/Pods-Parstagram-frameworks-${CONFIGURATION}-input-files.xcfilelist",
			);
			name = "[CP] Embed Pods Frameworks";
			outputFileListPaths = (
				"${PODS_ROOT}/Target Support Files/Pods-Parstagram/Pods-Parstagram-frameworks-${CONFIGURATION}-output-files.xcfilelist",
			);
			runOnlyForDeploymentPostprocessing = 0;
			shellPath = /bin/sh;
			shellScript = "\"${PODS_ROOT}/Target Support Files/Pods-Parstagram/Pods-Parstagram-frameworks.sh\"\n";
			showEnvVarsInLog = 0;
		};
		B5A27C9F7A9FF0562EAFD62A /* [CP] Check Pods Manifest.lock */ = {
			isa = PBXShellScriptBuildPhase;
			buildActionMask = 2147483647;
			files = (
			);
			inputFileListPaths = (
			);
			inputPaths = (
				"${PODS_PODFILE_DIR_PATH}/Podfile.lock",
				"${PODS_ROOT}/Manifest.lock",
			);
			name = "[CP] Check Pods Manifest.lock";
			outputFileListPaths = (
			);
			outputPaths = (
				"$(DERIVED_FILE_DIR)/Pods-Parstagram-checkManifestLockResult.txt",
			);
			runOnlyForDeploymentPostprocessing = 0;
			shellPath = /bin/sh;
			shellScript = "diff \"${PODS_PODFILE_DIR_PATH}/Podfile.lock\" \"${PODS_ROOT}/Manifest.lock\" > /dev/null\nif [ $? != 0 ] ; then\n    # print error to STDERR\n    echo \"error: The sandbox is not in sync with the Podfile.lock. Run 'pod install' or update your CocoaPods installation.\" >&2\n    exit 1\nfi\n# This output is used by Xcode 'outputs' to avoid re-running this script phase.\necho \"SUCCESS\" > \"${SCRIPT_OUTPUT_FILE_0}\"\n";
			showEnvVarsInLog = 0;
		};
/* End PBXShellScriptBuildPhase section */

/* Begin PBXSourcesBuildPhase section */
		BFE81F7226049E5C00C5D3AC /* Sources */ = {
			isa = PBXSourcesBuildPhase;
			buildActionMask = 2147483647;
			files = (
				BFE81F952604A48A00C5D3AC /* LoginViewController.swift in Sources */,
				BFE81F9B2604ACF900C5D3AC /* CameraViewController.swift in Sources */,
				BFE81F7A26049E5C00C5D3AC /* AppDelegate.swift in Sources */,
				BFE81F982604A49400C5D3AC /* FeedViewController.swift in Sources */,
				BFE81F7C26049E5C00C5D3AC /* SceneDelegate.swift in Sources */,
				BFE81FA52604B63F00C5D3AC /* PostCell.swift in Sources */,
			);
			runOnlyForDeploymentPostprocessing = 0;
		};
/* End PBXSourcesBuildPhase section */

/* Begin PBXVariantGroup section */
		BFE81F7F26049E5C00C5D3AC /* Main.storyboard */ = {
			isa = PBXVariantGroup;
			children = (
				BFE81F8026049E5C00C5D3AC /* Base */,
			);
			name = Main.storyboard;
			sourceTree = "<group>";
		};
		BFE81F8426049E5D00C5D3AC /* LaunchScreen.storyboard */ = {
			isa = PBXVariantGroup;
			children = (
				BFE81F8526049E5D00C5D3AC /* Base */,
			);
			name = LaunchScreen.storyboard;
			sourceTree = "<group>";
		};
/* End PBXVariantGroup section */

/* Begin XCBuildConfiguration section */
		BFE81F8826049E5D00C5D3AC /* Debug */ = {
			isa = XCBuildConfiguration;
			buildSettings = {
				ALWAYS_SEARCH_USER_PATHS = NO;
				CLANG_ANALYZER_NONNULL = YES;
				CLANG_ANALYZER_NUMBER_OBJECT_CONVERSION = YES_AGGRESSIVE;
				CLANG_CXX_LANGUAGE_STANDARD = "gnu++14";
				CLANG_CXX_LIBRARY = "libc++";
				CLANG_ENABLE_MODULES = YES;
				CLANG_ENABLE_OBJC_ARC = YES;
				CLANG_ENABLE_OBJC_WEAK = YES;
				CLANG_WARN_BLOCK_CAPTURE_AUTORELEASING = YES;
				CLANG_WARN_BOOL_CONVERSION = YES;
				CLANG_WARN_COMMA = YES;
				CLANG_WARN_CONSTANT_CONVERSION = YES;
				CLANG_WARN_DEPRECATED_OBJC_IMPLEMENTATIONS = YES;
				CLANG_WARN_DIRECT_OBJC_ISA_USAGE = YES_ERROR;
				CLANG_WARN_DOCUMENTATION_COMMENTS = YES;
				CLANG_WARN_EMPTY_BODY = YES;
				CLANG_WARN_ENUM_CONVERSION = YES;
				CLANG_WARN_INFINITE_RECURSION = YES;
				CLANG_WARN_INT_CONVERSION = YES;
				CLANG_WARN_NON_LITERAL_NULL_CONVERSION = YES;
				CLANG_WARN_OBJC_IMPLICIT_RETAIN_SELF = YES;
				CLANG_WARN_OBJC_LITERAL_CONVERSION = YES;
				CLANG_WARN_OBJC_ROOT_CLASS = YES_ERROR;
				CLANG_WARN_QUOTED_INCLUDE_IN_FRAMEWORK_HEADER = YES;
				CLANG_WARN_RANGE_LOOP_ANALYSIS = YES;
				CLANG_WARN_STRICT_PROTOTYPES = YES;
				CLANG_WARN_SUSPICIOUS_MOVE = YES;
				CLANG_WARN_UNGUARDED_AVAILABILITY = YES_AGGRESSIVE;
				CLANG_WARN_UNREACHABLE_CODE = YES;
				CLANG_WARN__DUPLICATE_METHOD_MATCH = YES;
				COPY_PHASE_STRIP = NO;
				DEBUG_INFORMATION_FORMAT = dwarf;
				ENABLE_STRICT_OBJC_MSGSEND = YES;
				ENABLE_TESTABILITY = YES;
				GCC_C_LANGUAGE_STANDARD = gnu11;
				GCC_DYNAMIC_NO_PIC = NO;
				GCC_NO_COMMON_BLOCKS = YES;
				GCC_OPTIMIZATION_LEVEL = 0;
				GCC_PREPROCESSOR_DEFINITIONS = (
					"DEBUG=1",
					"$(inherited)",
				);
				GCC_WARN_64_TO_32_BIT_CONVERSION = YES;
				GCC_WARN_ABOUT_RETURN_TYPE = YES_ERROR;
				GCC_WARN_UNDECLARED_SELECTOR = YES;
				GCC_WARN_UNINITIALIZED_AUTOS = YES_AGGRESSIVE;
				GCC_WARN_UNUSED_FUNCTION = YES;
				GCC_WARN_UNUSED_VARIABLE = YES;
				IPHONEOS_DEPLOYMENT_TARGET = 14.2;
				MTL_ENABLE_DEBUG_INFO = INCLUDE_SOURCE;
				MTL_FAST_MATH = YES;
				ONLY_ACTIVE_ARCH = YES;
				SDKROOT = iphoneos;
				SWIFT_ACTIVE_COMPILATION_CONDITIONS = DEBUG;
				SWIFT_OPTIMIZATION_LEVEL = "-Onone";
			};
			name = Debug;
		};
		BFE81F8926049E5D00C5D3AC /* Release */ = {
			isa = XCBuildConfiguration;
			buildSettings = {
				ALWAYS_SEARCH_USER_PATHS = NO;
				CLANG_ANALYZER_NONNULL = YES;
				CLANG_ANALYZER_NUMBER_OBJECT_CONVERSION = YES_AGGRESSIVE;
				CLANG_CXX_LANGUAGE_STANDARD = "gnu++14";
				CLANG_CXX_LIBRARY = "libc++";
				CLANG_ENABLE_MODULES = YES;
				CLANG_ENABLE_OBJC_ARC = YES;
				CLANG_ENABLE_OBJC_WEAK = YES;
				CLANG_WARN_BLOCK_CAPTURE_AUTORELEASING = YES;
				CLANG_WARN_BOOL_CONVERSION = YES;
				CLANG_WARN_COMMA = YES;
				CLANG_WARN_CONSTANT_CONVERSION = YES;
				CLANG_WARN_DEPRECATED_OBJC_IMPLEMENTATIONS = YES;
				CLANG_WARN_DIRECT_OBJC_ISA_USAGE = YES_ERROR;
				CLANG_WARN_DOCUMENTATION_COMMENTS = YES;
				CLANG_WARN_EMPTY_BODY = YES;
				CLANG_WARN_ENUM_CONVERSION = YES;
				CLANG_WARN_INFINITE_RECURSION = YES;
				CLANG_WARN_INT_CONVERSION = YES;
				CLANG_WARN_NON_LITERAL_NULL_CONVERSION = YES;
				CLANG_WARN_OBJC_IMPLICIT_RETAIN_SELF = YES;
				CLANG_WARN_OBJC_LITERAL_CONVERSION = YES;
				CLANG_WARN_OBJC_ROOT_CLASS = YES_ERROR;
				CLANG_WARN_QUOTED_INCLUDE_IN_FRAMEWORK_HEADER = YES;
				CLANG_WARN_RANGE_LOOP_ANALYSIS = YES;
				CLANG_WARN_STRICT_PROTOTYPES = YES;
				CLANG_WARN_SUSPICIOUS_MOVE = YES;
				CLANG_WARN_UNGUARDED_AVAILABILITY = YES_AGGRESSIVE;
				CLANG_WARN_UNREACHABLE_CODE = YES;
				CLANG_WARN__DUPLICATE_METHOD_MATCH = YES;
				COPY_PHASE_STRIP = NO;
				DEBUG_INFORMATION_FORMAT = "dwarf-with-dsym";
				ENABLE_NS_ASSERTIONS = NO;
				ENABLE_STRICT_OBJC_MSGSEND = YES;
				GCC_C_LANGUAGE_STANDARD = gnu11;
				GCC_NO_COMMON_BLOCKS = YES;
				GCC_WARN_64_TO_32_BIT_CONVERSION = YES;
				GCC_WARN_ABOUT_RETURN_TYPE = YES_ERROR;
				GCC_WARN_UNDECLARED_SELECTOR = YES;
				GCC_WARN_UNINITIALIZED_AUTOS = YES_AGGRESSIVE;
				GCC_WARN_UNUSED_FUNCTION = YES;
				GCC_WARN_UNUSED_VARIABLE = YES;
				IPHONEOS_DEPLOYMENT_TARGET = 14.2;
				MTL_ENABLE_DEBUG_INFO = NO;
				MTL_FAST_MATH = YES;
				SDKROOT = iphoneos;
				SWIFT_COMPILATION_MODE = wholemodule;
				SWIFT_OPTIMIZATION_LEVEL = "-O";
				VALIDATE_PRODUCT = YES;
			};
			name = Release;
		};
		BFE81F8B26049E5D00C5D3AC /* Debug */ = {
			isa = XCBuildConfiguration;
			baseConfigurationReference = 80D1BA23FDC0A7CE11B875A6 /* Pods-Parstagram.debug.xcconfig */;
			buildSettings = {
				ASSETCATALOG_COMPILER_APPICON_NAME = AppIcon;
				ASSETCATALOG_COMPILER_GLOBAL_ACCENT_COLOR_NAME = AccentColor;
				CODE_SIGN_STYLE = Automatic;
				DEVELOPMENT_TEAM = B8TWCP87YT;
				INFOPLIST_FILE = Parstagram/Info.plist;
				LD_RUNPATH_SEARCH_PATHS = (
					"$(inherited)",
					"@executable_path/Frameworks",
				);
				PRODUCT_BUNDLE_IDENTIFIER = com.alexshin.Parstagram;
				PRODUCT_NAME = "$(TARGET_NAME)";
				SWIFT_VERSION = 5.0;
				TARGETED_DEVICE_FAMILY = "1,2";
			};
			name = Debug;
		};
		BFE81F8C26049E5D00C5D3AC /* Release */ = {
			isa = XCBuildConfiguration;
			baseConfigurationReference = E9A996247A0A185525B20139 /* Pods-Parstagram.release.xcconfig */;
			buildSettings = {
				ASSETCATALOG_COMPILER_APPICON_NAME = AppIcon;
				ASSETCATALOG_COMPILER_GLOBAL_ACCENT_COLOR_NAME = AccentColor;
				CODE_SIGN_STYLE = Automatic;
				DEVELOPMENT_TEAM = B8TWCP87YT;
				INFOPLIST_FILE = Parstagram/Info.plist;
				LD_RUNPATH_SEARCH_PATHS = (
					"$(inherited)",
					"@executable_path/Frameworks",
				);
				PRODUCT_BUNDLE_IDENTIFIER = com.alexshin.Parstagram;
				PRODUCT_NAME = "$(TARGET_NAME)";
				SWIFT_VERSION = 5.0;
				TARGETED_DEVICE_FAMILY = "1,2";
			};
			name = Release;
		};
/* End XCBuildConfiguration section */

/* Begin XCConfigurationList section */
		BFE81F7126049E5C00C5D3AC /* Build configuration list for PBXProject "Parstagram" */ = {
			isa = XCConfigurationList;
			buildConfigurations = (
				BFE81F8826049E5D00C5D3AC /* Debug */,
				BFE81F8926049E5D00C5D3AC /* Release */,
			);
			defaultConfigurationIsVisible = 0;
			defaultConfigurationName = Release;
		};
		BFE81F8A26049E5D00C5D3AC /* Build configuration list for PBXNativeTarget "Parstagram" */ = {
			isa = XCConfigurationList;
			buildConfigurations = (
				BFE81F8B26049E5D00C5D3AC /* Debug */,
				BFE81F8C26049E5D00C5D3AC /* Release */,
			);
			defaultConfigurationIsVisible = 0;
			defaultConfigurationName = Release;
		};
/* End XCConfigurationList section */
	};
	rootObject = BFE81F6E26049E5C00C5D3AC /* Project object */;
}
